lockfileVersion: '9.0'

settings:
  autoInstallPeers: true
  excludeLinksFromLockfile: false

importers:

  .:
    dependencies:
      posthog-js:
        specifier: ^1.425.1
        version: 1.425.1

packages:

  '@posthog/browser-common@0.7.1':
    resolution: {integrity: sha512-JO/5dIVx3NTrbg0W2VciDDmmizsvwaYYHE5cnJE1Gra+UqBnEuVGH9DTE/kBFgVMp+08z5uj/aAprsYD2WG/QQ==}

  '@posthog/core@1.50.2':
    resolution: {integrity: sha512-El7y/ipZ45OFBRTN/+ixat9Nw21bW+pKKnX0G+rG4rWxBtDA47Ub/ZUnHvZNhAufNInQr4AYCUeWQsuJsTcoKg==}

  '@posthog/types@1.408.0':
    resolution: {integrity: sha512-xMY8QrRKsTYu4A4Of7XF/xEt0HcnZOWwnICm3do7tGKA0lTlnnr4YW0AHQN1Uv2P3BDqf5GQoqh91MKE+dgdcA==}

  '@types/trusted-types@2.0.7':
    resolution: {integrity: sha512-ScaPdn1dQczgbl0QFTeTOmVHFULt394XJgOQNoyVhZ6r2vLnMLJfBPd53SB52T/3G36VI1/g2MZaX0cwDuXsfw==}

  core-js@3.50.0:
    resolution: {integrity: sha512-BRWgOLKkFeCgRudR6zrs8p9XJZcE14grzKMMssoYrk6krtuEZ7MTKPIY5RzOnqsEKIR9kst7wNzphttraT+Yqw==}

  dompurify@3.4.14:
    resolution: {integrity: sha512-dVoH9z+MY+C9IilgGCk3YfFqjLi3fChm2OiKJMzh6axrJ5qwxqWaZamgmHrpv22CN/KdbZJuGEGgfQoL00LTdg==}

  fflate@0.4.9:
    resolution: {integrity: sha512-zdxgIEddhfsyCaWpJ2SdXEP8ZMrKJ6+5jl4OupODcywU0IhRk6gdXuVGcPICyfx2H97hVK7xmJtRLPjkxAX8Vw==}

  posthog-js@1.425.1:
    resolution: {integrity: sha512-GfdAUf402Prjt3ofkj4dh4k/m1SkYvgCeASyWj1xxcIVT7QnB9gGsslDwAZBZ6Wrtwxkq91gFbpSo/v633Q+1w==}
    peerDependencies:
      '@types/react': '>=16.8.0'
      react: '>=16.8.0'
    peerDependenciesMeta:
      '@types/react':
        optional: true
      react:
        optional: true

  preact@10.29.8:
    resolution: {integrity: sha512-ej2aVZ+vZ8WO7tvlQWRM9N63A0KzF9q4mWJfDUHgYaIofWY9hu74QdnQrjoPMmZi2/nZ5gN0bJCQF49xQqx09Q==}
    peerDependencies:
      preact-render-to-string: '>=5'
    peerDependenciesMeta:
      preact-render-to-string:
        optional: true

  query-selector-shadow-dom@1.0.1:
    resolution: {integrity: sha512-lT5yCqEBgfoMYpf3F2xQRK7zEr1rhIIZuceDK6+xRkJQ4NMbHTwXqk4NkwDwQMNqXgG9r9fyHnzwNVs6zV5KRw==}

  web-vitals@6.2.1:
    resolution: {integrity: sha512-rLcLXA2sx6+9dE88NHFubwTtGxpK4yYBLj6qHPdFoCaLr0cXGb4efOqtKLlm4loGA4OEKHIQKMKzZkKyOh5ctw==}

snapshots:

  '@posthog/browser-common@0.7.1':
    dependencies:
      '@posthog/core': 1.50.2
      '@posthog/types': 1.408.0

  '@posthog/core@1.50.2':
    dependencies:
      '@posthog/types': 1.408.0

  '@posthog/types@1.408.0': {}

  '@types/trusted-types@2.0.7':
    optional: true

  core-js@3.50.0: {}

  dompurify@3.4.14:
    optionalDependencies:
      '@types/trusted-types': 2.0.7

  fflate@0.4.9: {}

  posthog-js@1.425.1:
    dependencies:
      '@posthog/browser-common': 0.7.1
      '@posthog/core': 1.50.2
      '@posthog/types': 1.408.0
      core-js: 3.50.0
      dompurify: 3.4.14
      fflate: 0.4.9
      preact: 10.29.8
      query-selector-shadow-dom: 1.0.1
      web-vitals: 6.2.1
      web-vitals-soft-navs: web-vitals@6.2.1
    transitivePeerDependencies:
      - preact-render-to-string

  preact@10.29.8: {}

  query-selector-shadow-dom@1.0.1: {}

  web-vitals@6.2.1: {}
